
Microsoft Visual Studio Solution File, Format Version 12.00
# Visual Studio Version 17
VisualStudioVersion = 17.12.35527.113
MinimumVisualStudioVersion = 10.0.40219.1
Project("{FAE04EC0-301F-11D3-BF4B-00C04F79EFBC}") = "Api", "Api\Api.csproj", "{0BFD18EC-3C60-49E0-BFF3-6E7D25BA832D}"
EndProject
Project("{FAE04EC0-301F-11D3-BF4B-00C04F79EFBC}") = "DataAccess", "DataAccess\DataAccess.csproj", "{10964168-7BA0-45FE-A62B-820E70D86EE4}"
EndProject
Project("{FAE04EC0-301F-11D3-BF4B-00C04F79EFBC}") = "Business_Layer", "Business_Layer\Business_Layer.csproj", "{A023B18C-9DAD-446B-8430-8A3FA2A970B3}"
EndProject
Global
	GlobalSection(SolutionConfigurationPlatforms) = preSolution
		Debug|Any CPU = Debug|Any CPU
		Release|Any CPU = Release|Any CPU
	EndGlobalSection
	GlobalSection(ProjectConfigurationPlatforms) = postSolution
		{0BFD18EC-3C60-49E0-BFF3-6E7D25BA832D}.Debug|Any CPU.ActiveCfg = Debug|Any CPU
		{0BFD18EC-3C60-49E0-BFF3-6E7D25BA832D}.Debug|Any CPU.Build.0 = Debug|Any CPU
		{0BFD18EC-3C60-49E0-BFF3-6E7D25BA832D}.Release|Any CPU.ActiveCfg = Release|Any CPU
		{0BFD18EC-3C60-49E0-BFF3-6E7D25BA832D}.Release|Any CPU.Build.0 = Release|Any CPU
		{10964168-7BA0-45FE-A62B-820E70D86EE4}.Debug|Any CPU.ActiveCfg = Debug|Any CPU
		{10964168-7BA0-45FE-A62B-820E70D86EE4}.Debug|Any CPU.Build.0 = Debug|Any CPU
		{10964168-7BA0-45FE-A62B-820E70D86EE4}.Release|Any CPU.ActiveCfg = Release|Any CPU
		{10964168-7BA0-45FE-A62B-820E70D86EE4}.Release|Any CPU.Build.0 = Release|Any CPU
		{A023B18C-9DAD-446B-8430-8A3FA2A970B3}.Debug|Any CPU.ActiveCfg = Debug|Any CPU
		{A023B18C-9DAD-446B-8430-8A3FA2A970B3}.Debug|Any CPU.Build.0 = Debug|Any CPU
		{A023B18C-9DAD-446B-8430-8A3FA2A970B3}.Release|Any CPU.ActiveCfg = Release|Any CPU
		{A023B18C-9DAD-446B-8430-8A3FA2A970B3}.Release|Any CPU.Build.0 = Release|Any CPU
	EndGlobalSection
	GlobalSection(SolutionProperties) = preSolution
		HideSolutionNode = FALSE
	EndGlobalSection
EndGlobal
